
Microsoft Visual Studio Solution File, Format Version 12.00
# Visual Studio 15
VisualStudioVersion = 15.0.27428.2015
MinimumVisualStudioVersion = 10.0.40219.1
Project("{FAE04EC0-301F-11D3-BF4B-00C04F79EFBC}") = "Basics", "Basics\Basics.csproj", "{200E9400-2771-4ACE-A172-78EBD405B67E}"
EndProject
Project("{FAE04EC0-301F-11D3-BF4B-00C04F79EFBC}") = "Asvz", "Asvz\Asvz.csproj", "{D15A3272-818C-4A86-AFBA-1424AE2E00D4}"
EndProject
Project("{FAE04EC0-301F-11D3-BF4B-00C04F79EFBC}") = "Ocad", "Ocad\Ocad.csproj", "{39B4F02A-E890-4AFE-B00B-11D1E7ED5634}"
EndProject
Project("{FAE04EC0-301F-11D3-BF4B-00C04F79EFBC}") = "Stream", "Stream\Stream.csproj", "{2DAA8561-8831-48E9-A413-BFFDEFC60799}"
EndProject
Project("{FAE04EC0-301F-11D3-BF4B-00C04F79EFBC}") = "Grid", "Grid\Grid.csproj", "{FEECA61E-39ED-442E-B8D9-740EC097DCC2}"
EndProject
Project("{FAE04EC0-301F-11D3-BF4B-00C04F79EFBC}") = "Shape", "Shape\Shape.csproj", "{EC0A5266-C017-41EB-BD7B-917EB912B8A9}"
EndProject
Project("{FAE04EC0-301F-11D3-BF4B-00C04F79EFBC}") = "Macro", "Macro\Macro.csproj", "{BB7DE197-D752-4378-8F2D-AF7F1AB343C0}"
EndProject
Project("{FAE04EC0-301F-11D3-BF4B-00C04F79EFBC}") = "LeastCostPathUI", "LeastCostPathUI\LeastCostPathUI.csproj", "{8972D218-E70F-4428-9EB4-DDFE61DD7848}"
EndProject
Project("{FAE04EC0-301F-11D3-BF4B-00C04F79EFBC}") = "OCourse", "OCourse\OCourse.csproj", "{35EA7231-AD8B-4DC0-9E48-B9A577D777C2}"
EndProject
Project("{FAE04EC0-301F-11D3-BF4B-00C04F79EFBC}") = "TMap", "TMap\TMap.csproj", "{0AFADAAB-0036-47A0-B8A2-D41CCD77A4E0}"
EndProject
Project("{FAE04EC0-301F-11D3-BF4B-00C04F79EFBC}") = "TData", "TData\TData.csproj", "{E2DFFC41-8244-40C6-9DA6-6D695CA7466E}"
EndProject
Project("{FAE04EC0-301F-11D3-BF4B-00C04F79EFBC}") = "ArcSde", "ArcSde\ArcSde.csproj", "{7A5011BB-8649-40E8-9F98-8AC314EE93D1}"
EndProject
Project("{2150E333-8FDC-42A3-9474-1A3956D46DE8}") = "Linked", "Linked", "{F6CA3B5E-E243-48B2-937A-57096D1FDEB3}"
	ProjectSection(SolutionItems) = preProject
		GuiUtils.cs = GuiUtils.cs
	EndProjectSection
EndProject
Project("{FAE04EC0-301F-11D3-BF4B-00C04F79EFBC}") = "TMapWin", "TMapWin\TMapWin.csproj", "{C0227271-34AF-4F8F-A930-B55F4FC31EF7}"
EndProject
Project("{FAE04EC0-301F-11D3-BF4B-00C04F79EFBC}") = "OcadTest", "OcadTest\OcadTest.csproj", "{2D8C5548-55FB-4F44-837F-9C3EDAC94D04}"
EndProject
Project("{FAE04EC0-301F-11D3-BF4B-00C04F79EFBC}") = "Dhm", "Dhm\Dhm.csproj", "{F53900BD-0968-4632-9765-C614B2C9046D}"
EndProject
Project("{FAE04EC0-301F-11D3-BF4B-00C04F79EFBC}") = "Cards", "Cards\Cards.csproj", "{6D94DA0A-69B9-4502-8D79-A0B9B18293CD}"
EndProject
Project("{FAE04EC0-301F-11D3-BF4B-00C04F79EFBC}") = "BasicsTest", "BasicsTest\BasicsTest.csproj", "{EE410E43-848B-41DD-8426-6D8CA43F9A57}"
EndProject
Project("{FAE04EC0-301F-11D3-BF4B-00C04F79EFBC}") = "OMapIssues", "OMapIssues\OMapIssues.csproj", "{083C6D5D-55F6-437A-AEDB-6BB96D23F887}"
EndProject
Project("{FAE04EC0-301F-11D3-BF4B-00C04F79EFBC}") = "OcadScratch", "OcadScratch\OcadScratch.csproj", "{4B5672EF-FDC6-4FDF-9425-07A0D6ECBBE8}"
EndProject
Project("{FAE04EC0-301F-11D3-BF4B-00C04F79EFBC}") = "Basics.Forms", "Basics.Forms\Basics.Forms.csproj", "{AC9A4C35-757C-4237-8721-24B607116188}"
EndProject
Project("{FAE04EC0-301F-11D3-BF4B-00C04F79EFBC}") = "Basics.Window", "Basics.Window\Basics.Window.csproj", "{0DA036CA-6858-4E12-BDE0-893F46F6C8C7}"
EndProject
Project("{FAE04EC0-301F-11D3-BF4B-00C04F79EFBC}") = "TennisStat", "TennisStat\TennisStat.csproj", "{5A74496B-B0F3-47B6-B6AB-6332E3F13832}"
EndProject
Project("{FAE04EC0-301F-11D3-BF4B-00C04F79EFBC}") = "MacroUi", "MacroUi\MacroUi.csproj", "{A9ABD3A7-9C30-4C10-87A9-C4CE65869844}"
EndProject
Project("{FAE04EC0-301F-11D3-BF4B-00C04F79EFBC}") = "OTextSharp", "OTextSharp\OTextSharp.csproj", "{01CF73D5-AF53-4FB8-B60B-CFAA372C6695}"
EndProject
Global
	GlobalSection(SolutionConfigurationPlatforms) = preSolution
		Debug|Any CPU = Debug|Any CPU
		Debug|x86 = Debug|x86
		Release|Any CPU = Release|Any CPU
		Release|x86 = Release|x86
	EndGlobalSection
	GlobalSection(ProjectConfigurationPlatforms) = postSolution
		{200E9400-2771-4ACE-A172-78EBD405B67E}.Debug|Any CPU.ActiveCfg = Debug|Any CPU
		{200E9400-2771-4ACE-A172-78EBD405B67E}.Debug|Any CPU.Build.0 = Debug|Any CPU
		{200E9400-2771-4ACE-A172-78EBD405B67E}.Debug|x86.ActiveCfg = Debug|Any CPU
		{200E9400-2771-4ACE-A172-78EBD405B67E}.Debug|x86.Build.0 = Debug|Any CPU
		{200E9400-2771-4ACE-A172-78EBD405B67E}.Release|Any CPU.ActiveCfg = Release|Any CPU
		{200E9400-2771-4ACE-A172-78EBD405B67E}.Release|Any CPU.Build.0 = Release|Any CPU
		{200E9400-2771-4ACE-A172-78EBD405B67E}.Release|x86.ActiveCfg = Release|Any CPU
		{200E9400-2771-4ACE-A172-78EBD405B67E}.Release|x86.Build.0 = Release|Any CPU
		{D15A3272-818C-4A86-AFBA-1424AE2E00D4}.Debug|Any CPU.ActiveCfg = Debug|Any CPU
		{D15A3272-818C-4A86-AFBA-1424AE2E00D4}.Debug|Any CPU.Build.0 = Debug|Any CPU
		{D15A3272-818C-4A86-AFBA-1424AE2E00D4}.Debug|x86.ActiveCfg = Debug|Any CPU
		{D15A3272-818C-4A86-AFBA-1424AE2E00D4}.Debug|x86.Build.0 = Debug|Any CPU
		{D15A3272-818C-4A86-AFBA-1424AE2E00D4}.Release|Any CPU.ActiveCfg = Release|Any CPU
		{D15A3272-818C-4A86-AFBA-1424AE2E00D4}.Release|Any CPU.Build.0 = Release|Any CPU
		{D15A3272-818C-4A86-AFBA-1424AE2E00D4}.Release|x86.ActiveCfg = Release|Any CPU
		{D15A3272-818C-4A86-AFBA-1424AE2E00D4}.Release|x86.Build.0 = Release|Any CPU
		{39B4F02A-E890-4AFE-B00B-11D1E7ED5634}.Debug|Any CPU.ActiveCfg = Debug|Any CPU
		{39B4F02A-E890-4AFE-B00B-11D1E7ED5634}.Debug|Any CPU.Build.0 = Debug|Any CPU
		{39B4F02A-E890-4AFE-B00B-11D1E7ED5634}.Debug|x86.ActiveCfg = Debug|Any CPU
		{39B4F02A-E890-4AFE-B00B-11D1E7ED5634}.Debug|x86.Build.0 = Debug|Any CPU
		{39B4F02A-E890-4AFE-B00B-11D1E7ED5634}.Release|Any CPU.ActiveCfg = Release|Any CPU
		{39B4F02A-E890-4AFE-B00B-11D1E7ED5634}.Release|Any CPU.Build.0 = Release|Any CPU
		{39B4F02A-E890-4AFE-B00B-11D1E7ED5634}.Release|x86.ActiveCfg = Release|Any CPU
		{39B4F02A-E890-4AFE-B00B-11D1E7ED5634}.Release|x86.Build.0 = Release|Any CPU
		{2DAA8561-8831-48E9-A413-BFFDEFC60799}.Debug|Any CPU.ActiveCfg = Debug|Any CPU
		{2DAA8561-8831-48E9-A413-BFFDEFC60799}.Debug|Any CPU.Build.0 = Debug|Any CPU
		{2DAA8561-8831-48E9-A413-BFFDEFC60799}.Debug|x86.ActiveCfg = Debug|Any CPU
		{2DAA8561-8831-48E9-A413-BFFDEFC60799}.Debug|x86.Build.0 = Debug|Any CPU
		{2DAA8561-8831-48E9-A413-BFFDEFC60799}.Release|Any CPU.ActiveCfg = Release|Any CPU
		{2DAA8561-8831-48E9-A413-BFFDEFC60799}.Release|Any CPU.Build.0 = Release|Any CPU
		{2DAA8561-8831-48E9-A413-BFFDEFC60799}.Release|x86.ActiveCfg = Release|Any CPU
		{2DAA8561-8831-48E9-A413-BFFDEFC60799}.Release|x86.Build.0 = Release|Any CPU
		{FEECA61E-39ED-442E-B8D9-740EC097DCC2}.Debug|Any CPU.ActiveCfg = Debug|Any CPU
		{FEECA61E-39ED-442E-B8D9-740EC097DCC2}.Debug|Any CPU.Build.0 = Debug|Any CPU
		{FEECA61E-39ED-442E-B8D9-740EC097DCC2}.Debug|x86.ActiveCfg = Debug|Any CPU
		{FEECA61E-39ED-442E-B8D9-740EC097DCC2}.Debug|x86.Build.0 = Debug|Any CPU
		{FEECA61E-39ED-442E-B8D9-740EC097DCC2}.Release|Any CPU.ActiveCfg = Release|Any CPU
		{FEECA61E-39ED-442E-B8D9-740EC097DCC2}.Release|Any CPU.Build.0 = Release|Any CPU
		{FEECA61E-39ED-442E-B8D9-740EC097DCC2}.Release|x86.ActiveCfg = Release|Any CPU
		{FEECA61E-39ED-442E-B8D9-740EC097DCC2}.Release|x86.Build.0 = Release|Any CPU
		{EC0A5266-C017-41EB-BD7B-917EB912B8A9}.Debug|Any CPU.ActiveCfg = Debug|Any CPU
		{EC0A5266-C017-41EB-BD7B-917EB912B8A9}.Debug|Any CPU.Build.0 = Debug|Any CPU
		{EC0A5266-C017-41EB-BD7B-917EB912B8A9}.Debug|x86.ActiveCfg = Debug|Any CPU
		{EC0A5266-C017-41EB-BD7B-917EB912B8A9}.Debug|x86.Build.0 = Debug|Any CPU
		{EC0A5266-C017-41EB-BD7B-917EB912B8A9}.Release|Any CPU.ActiveCfg = Release|Any CPU
		{EC0A5266-C017-41EB-BD7B-917EB912B8A9}.Release|Any CPU.Build.0 = Release|Any CPU
		{EC0A5266-C017-41EB-BD7B-917EB912B8A9}.Release|x86.ActiveCfg = Release|Any CPU
		{EC0A5266-C017-41EB-BD7B-917EB912B8A9}.Release|x86.Build.0 = Release|Any CPU
		{BB7DE197-D752-4378-8F2D-AF7F1AB343C0}.Debug|Any CPU.ActiveCfg = Debug|Any CPU
		{BB7DE197-D752-4378-8F2D-AF7F1AB343C0}.Debug|Any CPU.Build.0 = Debug|Any CPU
		{BB7DE197-D752-4378-8F2D-AF7F1AB343C0}.Debug|x86.ActiveCfg = Debug|Any CPU
		{BB7DE197-D752-4378-8F2D-AF7F1AB343C0}.Debug|x86.Build.0 = Debug|Any CPU
		{BB7DE197-D752-4378-8F2D-AF7F1AB343C0}.Release|Any CPU.ActiveCfg = Release|Any CPU
		{BB7DE197-D752-4378-8F2D-AF7F1AB343C0}.Release|Any CPU.Build.0 = Release|Any CPU
		{BB7DE197-D752-4378-8F2D-AF7F1AB343C0}.Release|x86.ActiveCfg = Release|Any CPU
		{BB7DE197-D752-4378-8F2D-AF7F1AB343C0}.Release|x86.Build.0 = Release|Any CPU
		{8972D218-E70F-4428-9EB4-DDFE61DD7848}.Debug|Any CPU.ActiveCfg = Debug|Any CPU
		{8972D218-E70F-4428-9EB4-DDFE61DD7848}.Debug|Any CPU.Build.0 = Debug|Any CPU
		{8972D218-E70F-4428-9EB4-DDFE61DD7848}.Debug|x86.ActiveCfg = Debug|Any CPU
		{8972D218-E70F-4428-9EB4-DDFE61DD7848}.Debug|x86.Build.0 = Debug|Any CPU
		{8972D218-E70F-4428-9EB4-DDFE61DD7848}.Release|Any CPU.ActiveCfg = Release|Any CPU
		{8972D218-E70F-4428-9EB4-DDFE61DD7848}.Release|Any CPU.Build.0 = Release|Any CPU
		{8972D218-E70F-4428-9EB4-DDFE61DD7848}.Release|x86.ActiveCfg = Release|Any CPU
		{8972D218-E70F-4428-9EB4-DDFE61DD7848}.Release|x86.Build.0 = Release|Any CPU
		{35EA7231-AD8B-4DC0-9E48-B9A577D777C2}.Debug|Any CPU.ActiveCfg = Debug|Any CPU
		{35EA7231-AD8B-4DC0-9E48-B9A577D777C2}.Debug|Any CPU.Build.0 = Debug|Any CPU
		{35EA7231-AD8B-4DC0-9E48-B9A577D777C2}.Debug|x86.ActiveCfg = Debug|Any CPU
		{35EA7231-AD8B-4DC0-9E48-B9A577D777C2}.Debug|x86.Build.0 = Debug|Any CPU
		{35EA7231-AD8B-4DC0-9E48-B9A577D777C2}.Release|Any CPU.ActiveCfg = Release|Any CPU
		{35EA7231-AD8B-4DC0-9E48-B9A577D777C2}.Release|Any CPU.Build.0 = Release|Any CPU
		{35EA7231-AD8B-4DC0-9E48-B9A577D777C2}.Release|x86.ActiveCfg = Release|Any CPU
		{35EA7231-AD8B-4DC0-9E48-B9A577D777C2}.Release|x86.Build.0 = Release|Any CPU
		{0AFADAAB-0036-47A0-B8A2-D41CCD77A4E0}.Debug|Any CPU.ActiveCfg = Debug|Any CPU
		{0AFADAAB-0036-47A0-B8A2-D41CCD77A4E0}.Debug|Any CPU.Build.0 = Debug|Any CPU
		{0AFADAAB-0036-47A0-B8A2-D41CCD77A4E0}.Debug|x86.ActiveCfg = Debug|Any CPU
		{0AFADAAB-0036-47A0-B8A2-D41CCD77A4E0}.Debug|x86.Build.0 = Debug|Any CPU
		{0AFADAAB-0036-47A0-B8A2-D41CCD77A4E0}.Release|Any CPU.ActiveCfg = Release|Any CPU
		{0AFADAAB-0036-47A0-B8A2-D41CCD77A4E0}.Release|Any CPU.Build.0 = Release|Any CPU
		{0AFADAAB-0036-47A0-B8A2-D41CCD77A4E0}.Release|x86.ActiveCfg = Release|Any CPU
		{0AFADAAB-0036-47A0-B8A2-D41CCD77A4E0}.Release|x86.Build.0 = Release|Any CPU
		{E2DFFC41-8244-40C6-9DA6-6D695CA7466E}.Debug|Any CPU.ActiveCfg = Debug|Any CPU
		{E2DFFC41-8244-40C6-9DA6-6D695CA7466E}.Debug|Any CPU.Build.0 = Debug|Any CPU
		{E2DFFC41-8244-40C6-9DA6-6D695CA7466E}.Debug|x86.ActiveCfg = Debug|Any CPU
		{E2DFFC41-8244-40C6-9DA6-6D695CA7466E}.Debug|x86.Build.0 = Debug|Any CPU
		{E2DFFC41-8244-40C6-9DA6-6D695CA7466E}.Release|Any CPU.ActiveCfg = Release|Any CPU
		{E2DFFC41-8244-40C6-9DA6-6D695CA7466E}.Release|Any CPU.Build.0 = Release|Any CPU
		{E2DFFC41-8244-40C6-9DA6-6D695CA7466E}.Release|x86.ActiveCfg = Release|Any CPU
		{E2DFFC41-8244-40C6-9DA6-6D695CA7466E}.Release|x86.Build.0 = Release|Any CPU
		{7A5011BB-8649-40E8-9F98-8AC314EE93D1}.Debug|Any CPU.ActiveCfg = Debug|Any CPU
		{7A5011BB-8649-40E8-9F98-8AC314EE93D1}.Debug|Any CPU.Build.0 = Debug|Any CPU
		{7A5011BB-8649-40E8-9F98-8AC314EE93D1}.Debug|x86.ActiveCfg = Debug|Any CPU
		{7A5011BB-8649-40E8-9F98-8AC314EE93D1}.Debug|x86.Build.0 = Debug|Any CPU
		{7A5011BB-8649-40E8-9F98-8AC314EE93D1}.Release|Any CPU.ActiveCfg = Release|Any CPU
		{7A5011BB-8649-40E8-9F98-8AC314EE93D1}.Release|Any CPU.Build.0 = Release|Any CPU
		{7A5011BB-8649-40E8-9F98-8AC314EE93D1}.Release|x86.ActiveCfg = Release|Any CPU
		{7A5011BB-8649-40E8-9F98-8AC314EE93D1}.Release|x86.Build.0 = Release|Any CPU
		{C0227271-34AF-4F8F-A930-B55F4FC31EF7}.Debug|Any CPU.ActiveCfg = Debug|Any CPU
		{C0227271-34AF-4F8F-A930-B55F4FC31EF7}.Debug|Any CPU.Build.0 = Debug|Any CPU
		{C0227271-34AF-4F8F-A930-B55F4FC31EF7}.Debug|x86.ActiveCfg = Debug|Any CPU
		{C0227271-34AF-4F8F-A930-B55F4FC31EF7}.Debug|x86.Build.0 = Debug|Any CPU
		{C0227271-34AF-4F8F-A930-B55F4FC31EF7}.Release|Any CPU.ActiveCfg = Release|Any CPU
		{C0227271-34AF-4F8F-A930-B55F4FC31EF7}.Release|Any CPU.Build.0 = Release|Any CPU
		{C0227271-34AF-4F8F-A930-B55F4FC31EF7}.Release|x86.ActiveCfg = Release|Any CPU
		{C0227271-34AF-4F8F-A930-B55F4FC31EF7}.Release|x86.Build.0 = Release|Any CPU
		{2D8C5548-55FB-4F44-837F-9C3EDAC94D04}.Debug|Any CPU.ActiveCfg = Debug|Any CPU
		{2D8C5548-55FB-4F44-837F-9C3EDAC94D04}.Debug|Any CPU.Build.0 = Debug|Any CPU
		{2D8C5548-55FB-4F44-837F-9C3EDAC94D04}.Debug|x86.ActiveCfg = Debug|Any CPU
		{2D8C5548-55FB-4F44-837F-9C3EDAC94D04}.Debug|x86.Build.0 = Debug|Any CPU
		{2D8C5548-55FB-4F44-837F-9C3EDAC94D04}.Release|Any CPU.ActiveCfg = Release|Any CPU
		{2D8C5548-55FB-4F44-837F-9C3EDAC94D04}.Release|Any CPU.Build.0 = Release|Any CPU
		{2D8C5548-55FB-4F44-837F-9C3EDAC94D04}.Release|x86.ActiveCfg = Release|Any CPU
		{2D8C5548-55FB-4F44-837F-9C3EDAC94D04}.Release|x86.Build.0 = Release|Any CPU
		{F53900BD-0968-4632-9765-C614B2C9046D}.Debug|Any CPU.ActiveCfg = Debug|Any CPU
		{F53900BD-0968-4632-9765-C614B2C9046D}.Debug|Any CPU.Build.0 = Debug|Any CPU
		{F53900BD-0968-4632-9765-C614B2C9046D}.Debug|x86.ActiveCfg = Debug|Any CPU
		{F53900BD-0968-4632-9765-C614B2C9046D}.Debug|x86.Build.0 = Debug|Any CPU
		{F53900BD-0968-4632-9765-C614B2C9046D}.Release|Any CPU.ActiveCfg = Release|Any CPU
		{F53900BD-0968-4632-9765-C614B2C9046D}.Release|Any CPU.Build.0 = Release|Any CPU
		{F53900BD-0968-4632-9765-C614B2C9046D}.Release|x86.ActiveCfg = Release|Any CPU
		{F53900BD-0968-4632-9765-C614B2C9046D}.Release|x86.Build.0 = Release|Any CPU
		{6D94DA0A-69B9-4502-8D79-A0B9B18293CD}.Debug|Any CPU.ActiveCfg = Debug|Any CPU
		{6D94DA0A-69B9-4502-8D79-A0B9B18293CD}.Debug|Any CPU.Build.0 = Debug|Any CPU
		{6D94DA0A-69B9-4502-8D79-A0B9B18293CD}.Debug|x86.ActiveCfg = Debug|Any CPU
		{6D94DA0A-69B9-4502-8D79-A0B9B18293CD}.Debug|x86.Build.0 = Debug|Any CPU
		{6D94DA0A-69B9-4502-8D79-A0B9B18293CD}.Release|Any CPU.ActiveCfg = Release|Any CPU
		{6D94DA0A-69B9-4502-8D79-A0B9B18293CD}.Release|Any CPU.Build.0 = Release|Any CPU
		{6D94DA0A-69B9-4502-8D79-A0B9B18293CD}.Release|x86.ActiveCfg = Release|Any CPU
		{6D94DA0A-69B9-4502-8D79-A0B9B18293CD}.Release|x86.Build.0 = Release|Any CPU
		{EE410E43-848B-41DD-8426-6D8CA43F9A57}.Debug|Any CPU.ActiveCfg = Debug|Any CPU
		{EE410E43-848B-41DD-8426-6D8CA43F9A57}.Debug|Any CPU.Build.0 = Debug|Any CPU
		{EE410E43-848B-41DD-8426-6D8CA43F9A57}.Debug|x86.ActiveCfg = Debug|Any CPU
		{EE410E43-848B-41DD-8426-6D8CA43F9A57}.Debug|x86.Build.0 = Debug|Any CPU
		{EE410E43-848B-41DD-8426-6D8CA43F9A57}.Release|Any CPU.ActiveCfg = Release|Any CPU
		{EE410E43-848B-41DD-8426-6D8CA43F9A57}.Release|Any CPU.Build.0 = Release|Any CPU
		{EE410E43-848B-41DD-8426-6D8CA43F9A57}.Release|x86.ActiveCfg = Release|Any CPU
		{EE410E43-848B-41DD-8426-6D8CA43F9A57}.Release|x86.Build.0 = Release|Any CPU
		{083C6D5D-55F6-437A-AEDB-6BB96D23F887}.Debug|Any CPU.ActiveCfg = Debug|Any CPU
		{083C6D5D-55F6-437A-AEDB-6BB96D23F887}.Debug|Any CPU.Build.0 = Debug|Any CPU
		{083C6D5D-55F6-437A-AEDB-6BB96D23F887}.Debug|x86.ActiveCfg = Debug|Any CPU
		{083C6D5D-55F6-437A-AEDB-6BB96D23F887}.Debug|x86.Build.0 = Debug|Any CPU
		{083C6D5D-55F6-437A-AEDB-6BB96D23F887}.Release|Any CPU.ActiveCfg = Release|Any CPU
		{083C6D5D-55F6-437A-AEDB-6BB96D23F887}.Release|Any CPU.Build.0 = Release|Any CPU
		{083C6D5D-55F6-437A-AEDB-6BB96D23F887}.Release|x86.ActiveCfg = Release|Any CPU
		{083C6D5D-55F6-437A-AEDB-6BB96D23F887}.Release|x86.Build.0 = Release|Any CPU
		{4B5672EF-FDC6-4FDF-9425-07A0D6ECBBE8}.Debug|Any CPU.ActiveCfg = Debug|Any CPU
		{4B5672EF-FDC6-4FDF-9425-07A0D6ECBBE8}.Debug|Any CPU.Build.0 = Debug|Any CPU
		{4B5672EF-FDC6-4FDF-9425-07A0D6ECBBE8}.Debug|x86.ActiveCfg = Debug|Any CPU
		{4B5672EF-FDC6-4FDF-9425-07A0D6ECBBE8}.Debug|x86.Build.0 = Debug|Any CPU
		{4B5672EF-FDC6-4FDF-9425-07A0D6ECBBE8}.Release|Any CPU.ActiveCfg = Release|Any CPU
		{4B5672EF-FDC6-4FDF-9425-07A0D6ECBBE8}.Release|Any CPU.Build.0 = Release|Any CPU
		{4B5672EF-FDC6-4FDF-9425-07A0D6ECBBE8}.Release|x86.ActiveCfg = Release|Any CPU
		{4B5672EF-FDC6-4FDF-9425-07A0D6ECBBE8}.Release|x86.Build.0 = Release|Any CPU
		{AC9A4C35-757C-4237-8721-24B607116188}.Debug|Any CPU.ActiveCfg = Debug|Any CPU
		{AC9A4C35-757C-4237-8721-24B607116188}.Debug|Any CPU.Build.0 = Debug|Any CPU
		{AC9A4C35-757C-4237-8721-24B607116188}.Debug|x86.ActiveCfg = Debug|Any CPU
		{AC9A4C35-757C-4237-8721-24B607116188}.Debug|x86.Build.0 = Debug|Any CPU
		{AC9A4C35-757C-4237-8721-24B607116188}.Release|Any CPU.ActiveCfg = Release|Any CPU
		{AC9A4C35-757C-4237-8721-24B607116188}.Release|Any CPU.Build.0 = Release|Any CPU
		{AC9A4C35-757C-4237-8721-24B607116188}.Release|x86.ActiveCfg = Release|Any CPU
		{AC9A4C35-757C-4237-8721-24B607116188}.Release|x86.Build.0 = Release|Any CPU
		{0DA036CA-6858-4E12-BDE0-893F46F6C8C7}.Debug|Any CPU.ActiveCfg = Debug|Any CPU
		{0DA036CA-6858-4E12-BDE0-893F46F6C8C7}.Debug|Any CPU.Build.0 = Debug|Any CPU
		{0DA036CA-6858-4E12-BDE0-893F46F6C8C7}.Debug|x86.ActiveCfg = Debug|Any CPU
		{0DA036CA-6858-4E12-BDE0-893F46F6C8C7}.Debug|x86.Build.0 = Debug|Any CPU
		{0DA036CA-6858-4E12-BDE0-893F46F6C8C7}.Release|Any CPU.ActiveCfg = Release|Any CPU
		{0DA036CA-6858-4E12-BDE0-893F46F6C8C7}.Release|Any CPU.Build.0 = Release|Any CPU
		{0DA036CA-6858-4E12-BDE0-893F46F6C8C7}.Release|x86.ActiveCfg = Release|Any CPU
		{0DA036CA-6858-4E12-BDE0-893F46F6C8C7}.Release|x86.Build.0 = Release|Any CPU
		{5A74496B-B0F3-47B6-B6AB-6332E3F13832}.Debug|Any CPU.ActiveCfg = Debug|Any CPU
		{5A74496B-B0F3-47B6-B6AB-6332E3F13832}.Debug|Any CPU.Build.0 = Debug|Any CPU
		{5A74496B-B0F3-47B6-B6AB-6332E3F13832}.Debug|x86.ActiveCfg = Debug|Any CPU
		{5A74496B-B0F3-47B6-B6AB-6332E3F13832}.Debug|x86.Build.0 = Debug|Any CPU
		{5A74496B-B0F3-47B6-B6AB-6332E3F13832}.Release|Any CPU.ActiveCfg = Release|Any CPU
		{5A74496B-B0F3-47B6-B6AB-6332E3F13832}.Release|Any CPU.Build.0 = Release|Any CPU
		{5A74496B-B0F3-47B6-B6AB-6332E3F13832}.Release|x86.ActiveCfg = Release|Any CPU
		{5A74496B-B0F3-47B6-B6AB-6332E3F13832}.Release|x86.Build.0 = Release|Any CPU
		{A9ABD3A7-9C30-4C10-87A9-C4CE65869844}.Debug|Any CPU.ActiveCfg = Debug|Any CPU
		{A9ABD3A7-9C30-4C10-87A9-C4CE65869844}.Debug|Any CPU.Build.0 = Debug|Any CPU
		{A9ABD3A7-9C30-4C10-87A9-C4CE65869844}.Debug|x86.ActiveCfg = Debug|Any CPU
		{A9ABD3A7-9C30-4C10-87A9-C4CE65869844}.Debug|x86.Build.0 = Debug|Any CPU
		{A9ABD3A7-9C30-4C10-87A9-C4CE65869844}.Release|Any CPU.ActiveCfg = Release|Any CPU
		{A9ABD3A7-9C30-4C10-87A9-C4CE65869844}.Release|Any CPU.Build.0 = Release|Any CPU
		{A9ABD3A7-9C30-4C10-87A9-C4CE65869844}.Release|x86.ActiveCfg = Release|Any CPU
		{A9ABD3A7-9C30-4C10-87A9-C4CE65869844}.Release|x86.Build.0 = Release|Any CPU
		{01CF73D5-AF53-4FB8-B60B-CFAA372C6695}.Debug|Any CPU.ActiveCfg = Debug|Any CPU
		{01CF73D5-AF53-4FB8-B60B-CFAA372C6695}.Debug|Any CPU.Build.0 = Debug|Any CPU
		{01CF73D5-AF53-4FB8-B60B-CFAA372C6695}.Debug|x86.ActiveCfg = Debug|Any CPU
		{01CF73D5-AF53-4FB8-B60B-CFAA372C6695}.Debug|x86.Build.0 = Debug|Any CPU
		{01CF73D5-AF53-4FB8-B60B-CFAA372C6695}.Release|Any CPU.ActiveCfg = Release|Any CPU
		{01CF73D5-AF53-4FB8-B60B-CFAA372C6695}.Release|Any CPU.Build.0 = Release|Any CPU
		{01CF73D5-AF53-4FB8-B60B-CFAA372C6695}.Release|x86.ActiveCfg = Release|Any CPU
		{01CF73D5-AF53-4FB8-B60B-CFAA372C6695}.Release|x86.Build.0 = Release|Any CPU
	EndGlobalSection
	GlobalSection(SolutionProperties) = preSolution
		HideSolutionNode = FALSE
	EndGlobalSection
	GlobalSection(ExtensibilityGlobals) = postSolution
		SolutionGuid = {826E764E-9867-4B33-8BF8-51A1F4F9540E}
	EndGlobalSection
EndGlobal
