
Microsoft Visual Studio Solution File, Format Version 12.00
# Visual Studio Version 17
VisualStudioVersion = 17.4.33213.308
MinimumVisualStudioVersion = 10.0.40219.1
Project("{9A19103F-16F7-4668-BE54-9A1E7A4F7556}") = "Basics", "Basics\Basics.csproj", "{7AC8851A-CF9A-46CF-B8E6-DF134E1C1580}"
EndProject
Project("{9A19103F-16F7-4668-BE54-9A1E7A4F7556}") = "Grid", "Grid\Grid.csproj", "{7F3C70E1-A615-4795-9E86-AA21939FF044}"
EndProject
Project("{9A19103F-16F7-4668-BE54-9A1E7A4F7556}") = "OCourse", "OCourse\OCourse.csproj", "{D1EE3689-54A8-4BE8-BAF8-5F31FC5D3E01}"
EndProject
Project("{9A19103F-16F7-4668-BE54-9A1E7A4F7556}") = "Ocad", "Ocad\Ocad.csproj", "{922DCF86-DB85-4980-B8BF-60D06203255B}"
EndProject
Project("{9A19103F-16F7-4668-BE54-9A1E7A4F7556}") = "LeastCostPathUI", "LeastCostPathUI\LeastCostPathUI.csproj", "{E7ABFD73-1F39-4B6E-B92F-2D81019DF0F1}"
EndProject
Project("{9A19103F-16F7-4668-BE54-9A1E7A4F7556}") = "Stream", "Stream\Stream.csproj", "{534FC318-E891-41A2-82D3-752782F78E5D}"
EndProject
Project("{9A19103F-16F7-4668-BE54-9A1E7A4F7556}") = "TMap", "TMap\TMap.csproj", "{4EB11F87-1C51-4A2C-9F30-58EE9BE76FFD}"
EndProject
Project("{9A19103F-16F7-4668-BE54-9A1E7A4F7556}") = "TData", "TData\TData.csproj", "{1C0FB87D-B61F-4914-B25F-266911A46896}"
EndProject
Project("{9A19103F-16F7-4668-BE54-9A1E7A4F7556}") = "Shape", "Shape\Shape.csproj", "{BD2A5D34-2881-49D0-A8BE-83FE9A27F205}"
EndProject
Project("{FAE04EC0-301F-11D3-BF4B-00C04F79EFBC}") = "ArcSde", "ArcSde\ArcSde.csproj", "{7FCA1DBB-03E9-41F4-81ED-21CC023883E6}"
EndProject
Project("{FAE04EC0-301F-11D3-BF4B-00C04F79EFBC}") = "Basics.Forms", "Basics.Forms\Basics.Forms.csproj", "{46A7F517-D685-497E-ACB1-582519338641}"
EndProject
Global
	GlobalSection(SolutionConfigurationPlatforms) = preSolution
		Debug|Any CPU = Debug|Any CPU
		Release|Any CPU = Release|Any CPU
	EndGlobalSection
	GlobalSection(ProjectConfigurationPlatforms) = postSolution
		{7AC8851A-CF9A-46CF-B8E6-DF134E1C1580}.Debug|Any CPU.ActiveCfg = Debug|Any CPU
		{7AC8851A-CF9A-46CF-B8E6-DF134E1C1580}.Debug|Any CPU.Build.0 = Debug|Any CPU
		{7AC8851A-CF9A-46CF-B8E6-DF134E1C1580}.Release|Any CPU.ActiveCfg = Release|Any CPU
		{7AC8851A-CF9A-46CF-B8E6-DF134E1C1580}.Release|Any CPU.Build.0 = Release|Any CPU
		{7F3C70E1-A615-4795-9E86-AA21939FF044}.Debug|Any CPU.ActiveCfg = Debug|Any CPU
		{7F3C70E1-A615-4795-9E86-AA21939FF044}.Debug|Any CPU.Build.0 = Debug|Any CPU
		{7F3C70E1-A615-4795-9E86-AA21939FF044}.Release|Any CPU.ActiveCfg = Release|Any CPU
		{7F3C70E1-A615-4795-9E86-AA21939FF044}.Release|Any CPU.Build.0 = Release|Any CPU
		{D1EE3689-54A8-4BE8-BAF8-5F31FC5D3E01}.Debug|Any CPU.ActiveCfg = Debug|Any CPU
		{D1EE3689-54A8-4BE8-BAF8-5F31FC5D3E01}.Debug|Any CPU.Build.0 = Debug|Any CPU
		{D1EE3689-54A8-4BE8-BAF8-5F31FC5D3E01}.Release|Any CPU.ActiveCfg = Release|Any CPU
		{D1EE3689-54A8-4BE8-BAF8-5F31FC5D3E01}.Release|Any CPU.Build.0 = Release|Any CPU
		{922DCF86-DB85-4980-B8BF-60D06203255B}.Debug|Any CPU.ActiveCfg = Debug|Any CPU
		{922DCF86-DB85-4980-B8BF-60D06203255B}.Debug|Any CPU.Build.0 = Debug|Any CPU
		{922DCF86-DB85-4980-B8BF-60D06203255B}.Release|Any CPU.ActiveCfg = Release|Any CPU
		{922DCF86-DB85-4980-B8BF-60D06203255B}.Release|Any CPU.Build.0 = Release|Any CPU
		{E7ABFD73-1F39-4B6E-B92F-2D81019DF0F1}.Debug|Any CPU.ActiveCfg = Debug|Any CPU
		{E7ABFD73-1F39-4B6E-B92F-2D81019DF0F1}.Debug|Any CPU.Build.0 = Debug|Any CPU
		{E7ABFD73-1F39-4B6E-B92F-2D81019DF0F1}.Release|Any CPU.ActiveCfg = Release|Any CPU
		{E7ABFD73-1F39-4B6E-B92F-2D81019DF0F1}.Release|Any CPU.Build.0 = Release|Any CPU
		{534FC318-E891-41A2-82D3-752782F78E5D}.Debug|Any CPU.ActiveCfg = Debug|Any CPU
		{534FC318-E891-41A2-82D3-752782F78E5D}.Debug|Any CPU.Build.0 = Debug|Any CPU
		{534FC318-E891-41A2-82D3-752782F78E5D}.Release|Any CPU.ActiveCfg = Release|Any CPU
		{534FC318-E891-41A2-82D3-752782F78E5D}.Release|Any CPU.Build.0 = Release|Any CPU
		{4EB11F87-1C51-4A2C-9F30-58EE9BE76FFD}.Debug|Any CPU.ActiveCfg = Debug|Any CPU
		{4EB11F87-1C51-4A2C-9F30-58EE9BE76FFD}.Debug|Any CPU.Build.0 = Debug|Any CPU
		{4EB11F87-1C51-4A2C-9F30-58EE9BE76FFD}.Release|Any CPU.ActiveCfg = Release|Any CPU
		{4EB11F87-1C51-4A2C-9F30-58EE9BE76FFD}.Release|Any CPU.Build.0 = Release|Any CPU
		{1C0FB87D-B61F-4914-B25F-266911A46896}.Debug|Any CPU.ActiveCfg = Debug|Any CPU
		{1C0FB87D-B61F-4914-B25F-266911A46896}.Debug|Any CPU.Build.0 = Debug|Any CPU
		{1C0FB87D-B61F-4914-B25F-266911A46896}.Release|Any CPU.ActiveCfg = Release|Any CPU
		{1C0FB87D-B61F-4914-B25F-266911A46896}.Release|Any CPU.Build.0 = Release|Any CPU
		{BD2A5D34-2881-49D0-A8BE-83FE9A27F205}.Debug|Any CPU.ActiveCfg = Debug|Any CPU
		{BD2A5D34-2881-49D0-A8BE-83FE9A27F205}.Debug|Any CPU.Build.0 = Debug|Any CPU
		{BD2A5D34-2881-49D0-A8BE-83FE9A27F205}.Release|Any CPU.ActiveCfg = Release|Any CPU
		{BD2A5D34-2881-49D0-A8BE-83FE9A27F205}.Release|Any CPU.Build.0 = Release|Any CPU
		{7FCA1DBB-03E9-41F4-81ED-21CC023883E6}.Debug|Any CPU.ActiveCfg = Debug|Any CPU
		{7FCA1DBB-03E9-41F4-81ED-21CC023883E6}.Debug|Any CPU.Build.0 = Debug|Any CPU
		{7FCA1DBB-03E9-41F4-81ED-21CC023883E6}.Release|Any CPU.ActiveCfg = Release|Any CPU
		{7FCA1DBB-03E9-41F4-81ED-21CC023883E6}.Release|Any CPU.Build.0 = Release|Any CPU
		{46A7F517-D685-497E-ACB1-582519338641}.Debug|Any CPU.ActiveCfg = Debug|Any CPU
		{46A7F517-D685-497E-ACB1-582519338641}.Debug|Any CPU.Build.0 = Debug|Any CPU
		{46A7F517-D685-497E-ACB1-582519338641}.Release|Any CPU.ActiveCfg = Release|Any CPU
		{46A7F517-D685-497E-ACB1-582519338641}.Release|Any CPU.Build.0 = Release|Any CPU
	EndGlobalSection
	GlobalSection(SolutionProperties) = preSolution
		HideSolutionNode = FALSE
	EndGlobalSection
	GlobalSection(ExtensibilityGlobals) = postSolution
		SolutionGuid = {EF6B7899-FF7F-44EB-A166-9731898AA62C}
	EndGlobalSection
EndGlobal
